// !$*UTF8*$!
{
	archiveVersion = 1;
	classes = {
	};
	objectVersion = 46;
	objects = {

/* Begin PBXBuildFile section */
		0DC6CDD4515568D67F6614EE /* Pods_RAT.framework in Frameworks */ = {isa = PBXBuildFile; fileRef = A34E6BECE7F6DFC49F93F745 /* Pods_RAT.framework */; };
		552077761ED0357E005DE7E6 /* ListOfOffersViewController.swift in Sources */ = {isa = PBXBuildFile; fileRef = 552077751ED0357E005DE7E6 /* ListOfOffersViewController.swift */; };
		552077821ED15B3C005DE7E6 /* PersonalDataViewController.swift in Sources */ = {isa = PBXBuildFile; fileRef = 552077811ED15B3C005DE7E6 /* PersonalDataViewController.swift */; };
		553531C71ED2D87100A23445 /* HighOffer.swift in Sources */ = {isa = PBXBuildFile; fileRef = 553531C61ED2D87100A23445 /* HighOffer.swift */; };
		553531C91ED2D88100A23445 /* LowOffer.swift in Sources */ = {isa = PBXBuildFile; fileRef = 553531C81ED2D88100A23445 /* LowOffer.swift */; };
		553531CB1ED2E07B00A23445 /* ListOfHighOffersViewController.swift in Sources */ = {isa = PBXBuildFile; fileRef = 553531CA1ED2E07B00A23445 /* ListOfHighOffersViewController.swift */; };
		553531CD1ED2E0C700A23445 /* HighOfferCell.swift in Sources */ = {isa = PBXBuildFile; fileRef = 553531CC1ED2E0C700A23445 /* HighOfferCell.swift */; };
		553531CF1ED2E25E00A23445 /* LowOfferCell.swift in Sources */ = {isa = PBXBuildFile; fileRef = 553531CE1ED2E25E00A23445 /* LowOfferCell.swift */; };
		553531D11ED2E29600A23445 /* ListOfLowOffersViewController.swift in Sources */ = {isa = PBXBuildFile; fileRef = 553531D01ED2E29600A23445 /* ListOfLowOffersViewController.swift */; };
		55DDAD7B1ED1891200F2F313 /* AddRedactViewController.swift in Sources */ = {isa = PBXBuildFile; fileRef = 55DDAD7A1ED1891200F2F313 /* AddRedactViewController.swift */; };
		55DDAD7D1ED1B17800F2F313 /* ChatViewController.swift in Sources */ = {isa = PBXBuildFile; fileRef = 55DDAD7C1ED1B17800F2F313 /* ChatViewController.swift */; };
		5D4A18671EBCBA9400678C91 /* Assets.xcassets in Resources */ = {isa = PBXBuildFile; fileRef = 5D4A18661EBCBA9400678C91 /* Assets.xcassets */; };
		5DAB0C4D1EB3300600AC1F77 /* MapKit.framework in Frameworks */ = {isa = PBXBuildFile; fileRef = 5DAB0C4C1EB3300600AC1F77 /* MapKit.framework */; };
		5DAB0C4F1EB3304600AC1F77 /* mapView.swift in Sources */ = {isa = PBXBuildFile; fileRef = 5DAB0C4E1EB3304600AC1F77 /* mapView.swift */; };
		CA3F19CC1ECCF2DE00E0682C /* VehicleTabBarController.swift in Sources */ = {isa = PBXBuildFile; fileRef = CA3F19CB1ECCF2DE00E0682C /* VehicleTabBarController.swift */; };
		CADBBE231ED3762100809F86 /* Channel.swift in Sources */ = {isa = PBXBuildFile; fileRef = CADBBE221ED3762000809F86 /* Channel.swift */; };
		CAF3811B1EC9270800DC559D /* VKHelper.swift in Sources */ = {isa = PBXBuildFile; fileRef = CAF3811A1EC9270800DC559D /* VKHelper.swift */; };
		CAFA3C561ED4482E0051D0A3 /* UIImage+Gif.swift in Sources */ = {isa = PBXBuildFile; fileRef = CAFA3C551ED4482E0051D0A3 /* UIImage+Gif.swift */; };
		CAFA3C5A1ED448970051D0A3 /* GoogleService-Info.plist in Resources */ = {isa = PBXBuildFile; fileRef = CAFA3C591ED448970051D0A3 /* GoogleService-Info.plist */; };
		ED22BB7B1E9F9FCE0084320F /* ServiceViewController.swift in Sources */ = {isa = PBXBuildFile; fileRef = ED22BB7A1E9F9FCE0084320F /* ServiceViewController.swift */; };
		ED22BB7D1E9FA0560084320F /* ConfirmViewController.swift in Sources */ = {isa = PBXBuildFile; fileRef = ED22BB7C1E9FA0560084320F /* ConfirmViewController.swift */; };
		ED22BB7F1E9FAB950084320F /* ReviewCell.swift in Sources */ = {isa = PBXBuildFile; fileRef = ED22BB7E1E9FAB950084320F /* ReviewCell.swift */; };
		ED7017C71E7D368F00955C99 /* ListOfCrashesViewController.swift in Sources */ = {isa = PBXBuildFile; fileRef = ED7017C61E7D368F00955C99 /* ListOfCrashesViewController.swift */; };
		ED7017CA1E7D49FF00955C99 /* CrashCell.swift in Sources */ = {isa = PBXBuildFile; fileRef = ED7017C91E7D49FF00955C99 /* CrashCell.swift */; };
		ED80EF6D1E7C8AD10066AD83 /* RegistrationViewController.swift in Sources */ = {isa = PBXBuildFile; fileRef = ED80EF6C1E7C8AD10066AD83 /* RegistrationViewController.swift */; };
		ED97321D1E8AFCD200FCED3F /* Person.swift in Sources */ = {isa = PBXBuildFile; fileRef = ED97321C1E8AFCD200FCED3F /* Person.swift */; };
		ED99E5A41E8550260039EBF7 /* ValidatorHelper.swift in Sources */ = {isa = PBXBuildFile; fileRef = ED99E5A31E8550260039EBF7 /* ValidatorHelper.swift */; };
		EDA390F61E94375C002B0C65 /* NotificationRouter.swift in Sources */ = {isa = PBXBuildFile; fileRef = EDA390F51E94375C002B0C65 /* NotificationRouter.swift */; };
		EDA8AE721E9EFA3B005BEC56 /* OfferCell.swift in Sources */ = {isa = PBXBuildFile; fileRef = EDA8AE711E9EFA3B005BEC56 /* OfferCell.swift */; };
		EDA929DC1E8C7F97000D67BA /* Review.swift in Sources */ = {isa = PBXBuildFile; fileRef = EDA929DB1E8C7F97000D67BA /* Review.swift */; };
		EDA929DE1E8C7FAB000D67BA /* Service.swift in Sources */ = {isa = PBXBuildFile; fileRef = EDA929DD1E8C7FAB000D67BA /* Service.swift */; };
		EDAC87BA1E9EDC5B001E63E2 /* CrashViewController.swift in Sources */ = {isa = PBXBuildFile; fileRef = EDAC87B91E9EDC5B001E63E2 /* CrashViewController.swift */; };
		EDAFF5F21E7B3C630069F42E /* AppDelegate.swift in Sources */ = {isa = PBXBuildFile; fileRef = EDAFF5F11E7B3C630069F42E /* AppDelegate.swift */; };
		EDAFF5F41E7B3C630069F42E /* ViewController.swift in Sources */ = {isa = PBXBuildFile; fileRef = EDAFF5F31E7B3C630069F42E /* ViewController.swift */; };
		EDAFF5F71E7B3C630069F42E /* Main.storyboard in Resources */ = {isa = PBXBuildFile; fileRef = EDAFF5F51E7B3C630069F42E /* Main.storyboard */; };
		EDB05D2D1E8BC37B00FFE86E /* Vehicle.swift in Sources */ = {isa = PBXBuildFile; fileRef = EDB05D2C1E8BC37B00FFE86E /* Vehicle.swift */; };
		EDB05D2F1E8BD8CE00FFE86E /* Crash.swift in Sources */ = {isa = PBXBuildFile; fileRef = EDB05D2E1E8BD8CE00FFE86E /* Crash.swift */; };
		EDB05D311E8BD8F200FFE86E /* Offer.swift in Sources */ = {isa = PBXBuildFile; fileRef = EDB05D301E8BD8F200FFE86E /* Offer.swift */; };
		EDBAEAC41E91AF73008BC298 /* APIHelper.swift in Sources */ = {isa = PBXBuildFile; fileRef = EDBAEAC31E91AF73008BC298 /* APIHelper.swift */; };
		EDCC4B781E8D26D900D94FB7 /* ListOfVehiclesViewController.swift in Sources */ = {isa = PBXBuildFile; fileRef = EDCC4B771E8D26D900D94FB7 /* ListOfVehiclesViewController.swift */; };
		EDCC4B7C1E8D6FCF00D94FB7 /* VehicleCell.swift in Sources */ = {isa = PBXBuildFile; fileRef = EDCC4B7B1E8D6FCF00D94FB7 /* VehicleCell.swift */; };
		EDD8A79C1E93DCE800CC57A1 /* DataBaseHelper.swift in Sources */ = {isa = PBXBuildFile; fileRef = EDD8A79B1E93DCE800CC57A1 /* DataBaseHelper.swift */; };
/* End PBXBuildFile section */

/* Begin PBXFileReference section */
		552077751ED0357E005DE7E6 /* ListOfOffersViewController.swift */ = {isa = PBXFileReference; fileEncoding = 4; lastKnownFileType = sourcecode.swift; path = ListOfOffersViewController.swift; sourceTree = "<group>"; };
		552077811ED15B3C005DE7E6 /* PersonalDataViewController.swift */ = {isa = PBXFileReference; fileEncoding = 4; lastKnownFileType = sourcecode.swift; path = PersonalDataViewController.swift; sourceTree = "<group>"; };
		553531C61ED2D87100A23445 /* HighOffer.swift */ = {isa = PBXFileReference; fileEncoding = 4; lastKnownFileType = sourcecode.swift; path = HighOffer.swift; sourceTree = "<group>"; };
		553531C81ED2D88100A23445 /* LowOffer.swift */ = {isa = PBXFileReference; fileEncoding = 4; lastKnownFileType = sourcecode.swift; path = LowOffer.swift; sourceTree = "<group>"; };
		553531CA1ED2E07B00A23445 /* ListOfHighOffersViewController.swift */ = {isa = PBXFileReference; fileEncoding = 4; lastKnownFileType = sourcecode.swift; path = ListOfHighOffersViewController.swift; sourceTree = "<group>"; };
		553531CC1ED2E0C700A23445 /* HighOfferCell.swift */ = {isa = PBXFileReference; fileEncoding = 4; lastKnownFileType = sourcecode.swift; name = HighOfferCell.swift; path = RAT/HighOfferCell.swift; sourceTree = "<group>"; };
		553531CE1ED2E25E00A23445 /* LowOfferCell.swift */ = {isa = PBXFileReference; fileEncoding = 4; lastKnownFileType = sourcecode.swift; name = LowOfferCell.swift; path = RAT/LowOfferCell.swift; sourceTree = "<group>"; };
		553531D01ED2E29600A23445 /* ListOfLowOffersViewController.swift */ = {isa = PBXFileReference; fileEncoding = 4; lastKnownFileType = sourcecode.swift; path = ListOfLowOffersViewController.swift; sourceTree = "<group>"; };
		55DDAD7A1ED1891200F2F313 /* AddRedactViewController.swift */ = {isa = PBXFileReference; fileEncoding = 4; lastKnownFileType = sourcecode.swift; path = AddRedactViewController.swift; sourceTree = "<group>"; };
		55DDAD7C1ED1B17800F2F313 /* ChatViewController.swift */ = {isa = PBXFileReference; fileEncoding = 4; lastKnownFileType = sourcecode.swift; path = ChatViewController.swift; sourceTree = "<group>"; };
		5CA389BAE570D8D13A9E1ECB /* Pods-RAT.debug.xcconfig */ = {isa = PBXFileReference; includeInIndex = 1; lastKnownFileType = text.xcconfig; name = "Pods-RAT.debug.xcconfig"; path = "Pods/Target Support Files/Pods-RAT/Pods-RAT.debug.xcconfig"; sourceTree = "<group>"; };
		5D4A18661EBCBA9400678C91 /* Assets.xcassets */ = {isa = PBXFileReference; lastKnownFileType = folder.assetcatalog; path = Assets.xcassets; sourceTree = "<group>"; };
		5DAB0C4C1EB3300600AC1F77 /* MapKit.framework */ = {isa = PBXFileReference; lastKnownFileType = wrapper.framework; name = MapKit.framework; path = System/Library/Frameworks/MapKit.framework; sourceTree = SDKROOT; };
		5DAB0C4E1EB3304600AC1F77 /* mapView.swift */ = {isa = PBXFileReference; fileEncoding = 4; lastKnownFileType = sourcecode.swift; path = mapView.swift; sourceTree = "<group>"; };
		A34E6BECE7F6DFC49F93F745 /* Pods_RAT.framework */ = {isa = PBXFileReference; explicitFileType = wrapper.framework; includeInIndex = 0; path = Pods_RAT.framework; sourceTree = BUILT_PRODUCTS_DIR; };
		B5F7872392D345EFD764BB23 /* Pods-RAT.release.xcconfig */ = {isa = PBXFileReference; includeInIndex = 1; lastKnownFileType = text.xcconfig; name = "Pods-RAT.release.xcconfig"; path = "Pods/Target Support Files/Pods-RAT/Pods-RAT.release.xcconfig"; sourceTree = "<group>"; };
		CA3F19CB1ECCF2DE00E0682C /* VehicleTabBarController.swift */ = {isa = PBXFileReference; fileEncoding = 4; lastKnownFileType = sourcecode.swift; path = VehicleTabBarController.swift; sourceTree = "<group>"; };
		CADBBE221ED3762000809F86 /* Channel.swift */ = {isa = PBXFileReference; fileEncoding = 4; lastKnownFileType = sourcecode.swift; path = Channel.swift; sourceTree = "<group>"; };
		CAF3811A1EC9270800DC559D /* VKHelper.swift */ = {isa = PBXFileReference; fileEncoding = 4; lastKnownFileType = sourcecode.swift; path = VKHelper.swift; sourceTree = "<group>"; };
		CAFA3C551ED4482E0051D0A3 /* UIImage+Gif.swift */ = {isa = PBXFileReference; fileEncoding = 4; lastKnownFileType = sourcecode.swift; path = "UIImage+Gif.swift"; sourceTree = "<group>"; };
		CAFA3C591ED448970051D0A3 /* GoogleService-Info.plist */ = {isa = PBXFileReference; fileEncoding = 4; lastKnownFileType = text.plist.xml; path = "GoogleService-Info.plist"; sourceTree = SOURCE_ROOT; };
		ED22BB7A1E9F9FCE0084320F /* ServiceViewController.swift */ = {isa = PBXFileReference; fileEncoding = 4; lastKnownFileType = sourcecode.swift; path = ServiceViewController.swift; sourceTree = "<group>"; };
		ED22BB7C1E9FA0560084320F /* ConfirmViewController.swift */ = {isa = PBXFileReference; fileEncoding = 4; lastKnownFileType = sourcecode.swift; path = ConfirmViewController.swift; sourceTree = "<group>"; };
		ED22BB7E1E9FAB950084320F /* ReviewCell.swift */ = {isa = PBXFileReference; fileEncoding = 4; lastKnownFileType = sourcecode.swift; name = ReviewCell.swift; path = RAT/ReviewCell.swift; sourceTree = "<group>"; };
		ED7017C61E7D368F00955C99 /* ListOfCrashesViewController.swift */ = {isa = PBXFileReference; fileEncoding = 4; lastKnownFileType = sourcecode.swift; path = ListOfCrashesViewController.swift; sourceTree = "<group>"; };
		ED7017C91E7D49FF00955C99 /* CrashCell.swift */ = {isa = PBXFileReference; fileEncoding = 4; lastKnownFileType = sourcecode.swift; name = CrashCell.swift; path = RAT/CrashCell.swift; sourceTree = "<group>"; };
		ED80EF6C1E7C8AD10066AD83 /* RegistrationViewController.swift */ = {isa = PBXFileReference; fileEncoding = 4; lastKnownFileType = sourcecode.swift; path = RegistrationViewController.swift; sourceTree = "<group>"; };
		ED97321C1E8AFCD200FCED3F /* Person.swift */ = {isa = PBXFileReference; fileEncoding = 4; lastKnownFileType = sourcecode.swift; path = Person.swift; sourceTree = "<group>"; };
		ED99E5A31E8550260039EBF7 /* ValidatorHelper.swift */ = {isa = PBXFileReference; fileEncoding = 4; lastKnownFileType = sourcecode.swift; path = ValidatorHelper.swift; sourceTree = "<group>"; };
		EDA390F51E94375C002B0C65 /* NotificationRouter.swift */ = {isa = PBXFileReference; fileEncoding = 4; lastKnownFileType = sourcecode.swift; path = NotificationRouter.swift; sourceTree = "<group>"; };
		EDA8AE711E9EFA3B005BEC56 /* OfferCell.swift */ = {isa = PBXFileReference; fileEncoding = 4; lastKnownFileType = sourcecode.swift; name = OfferCell.swift; path = RAT/OfferCell.swift; sourceTree = "<group>"; };
		EDA929DB1E8C7F97000D67BA /* Review.swift */ = {isa = PBXFileReference; fileEncoding = 4; lastKnownFileType = sourcecode.swift; path = Review.swift; sourceTree = "<group>"; };
		EDA929DD1E8C7FAB000D67BA /* Service.swift */ = {isa = PBXFileReference; fileEncoding = 4; lastKnownFileType = sourcecode.swift; path = Service.swift; sourceTree = "<group>"; };
		EDAC87B91E9EDC5B001E63E2 /* CrashViewController.swift */ = {isa = PBXFileReference; fileEncoding = 4; lastKnownFileType = sourcecode.swift; path = CrashViewController.swift; sourceTree = "<group>"; };
		EDAFF5EE1E7B3C630069F42E /* RAT.app */ = {isa = PBXFileReference; explicitFileType = wrapper.application; includeInIndex = 0; path = RAT.app; sourceTree = BUILT_PRODUCTS_DIR; };
		EDAFF5F11E7B3C630069F42E /* AppDelegate.swift */ = {isa = PBXFileReference; lastKnownFileType = sourcecode.swift; path = AppDelegate.swift; sourceTree = "<group>"; };
		EDAFF5F31E7B3C630069F42E /* ViewController.swift */ = {isa = PBXFileReference; lastKnownFileType = sourcecode.swift; path = ViewController.swift; sourceTree = "<group>"; };
		EDAFF5F61E7B3C630069F42E /* Base */ = {isa = PBXFileReference; lastKnownFileType = file.storyboard; name = Base; path = Base.lproj/Main.storyboard; sourceTree = "<group>"; };
		EDAFF5FD1E7B3C630069F42E /* Info.plist */ = {isa = PBXFileReference; lastKnownFileType = text.plist.xml; path = Info.plist; sourceTree = "<group>"; };
		EDB05D2C1E8BC37B00FFE86E /* Vehicle.swift */ = {isa = PBXFileReference; fileEncoding = 4; lastKnownFileType = sourcecode.swift; path = Vehicle.swift; sourceTree = "<group>"; };
		EDB05D2E1E8BD8CE00FFE86E /* Crash.swift */ = {isa = PBXFileReference; fileEncoding = 4; lastKnownFileType = sourcecode.swift; path = Crash.swift; sourceTree = "<group>"; };
		EDB05D301E8BD8F200FFE86E /* Offer.swift */ = {isa = PBXFileReference; fileEncoding = 4; lastKnownFileType = sourcecode.swift; path = Offer.swift; sourceTree = "<group>"; };
		EDBAEAC31E91AF73008BC298 /* APIHelper.swift */ = {isa = PBXFileReference; fileEncoding = 4; lastKnownFileType = sourcecode.swift; path = APIHelper.swift; sourceTree = "<group>"; };
		EDCC4B771E8D26D900D94FB7 /* ListOfVehiclesViewController.swift */ = {isa = PBXFileReference; fileEncoding = 4; lastKnownFileType = sourcecode.swift; path = ListOfVehiclesViewController.swift; sourceTree = "<group>"; };
		EDCC4B7B1E8D6FCF00D94FB7 /* VehicleCell.swift */ = {isa = PBXFileReference; fileEncoding = 4; lastKnownFileType = sourcecode.swift; name = VehicleCell.swift; path = RAT/VehicleCell.swift; sourceTree = "<group>"; };
		EDD8A79B1E93DCE800CC57A1 /* DataBaseHelper.swift */ = {isa = PBXFileReference; fileEncoding = 4; lastKnownFileType = sourcecode.swift; path = DataBaseHelper.swift; sourceTree = "<group>"; };
/* End PBXFileReference section */

/* Begin PBXFrameworksBuildPhase section */
		EDAFF5EB1E7B3C620069F42E /* Frameworks */ = {
			isa = PBXFrameworksBuildPhase;
			buildActionMask = 2147483647;
			files = (
				5DAB0C4D1EB3300600AC1F77 /* MapKit.framework in Frameworks */,
				0DC6CDD4515568D67F6614EE /* Pods_RAT.framework in Frameworks */,
			);
			runOnlyForDeploymentPostprocessing = 0;
		};
/* End PBXFrameworksBuildPhase section */

/* Begin PBXGroup section */
		150C0AC8CA06FE5B40374530 /* Frameworks */ = {
			isa = PBXGroup;
			children = (
				5DAB0C4C1EB3300600AC1F77 /* MapKit.framework */,
				A34E6BECE7F6DFC49F93F745 /* Pods_RAT.framework */,
			);
			name = Frameworks;
			sourceTree = "<group>";
		};
		20BF0F68589561CE43D6690A /* Pods */ = {
			isa = PBXGroup;
			children = (
				5CA389BAE570D8D13A9E1ECB /* Pods-RAT.debug.xcconfig */,
				B5F7872392D345EFD764BB23 /* Pods-RAT.release.xcconfig */,
			);
			name = Pods;
			sourceTree = "<group>";
		};
		CA4C66811ED37DFC001453EF /* layout */ = {
			isa = PBXGroup;
			children = (
				EDAFF5F51E7B3C630069F42E /* Main.storyboard */,
				EDA8AE711E9EFA3B005BEC56 /* OfferCell.swift */,
				ED22BB7E1E9FAB950084320F /* ReviewCell.swift */,
				553531CC1ED2E0C700A23445 /* HighOfferCell.swift */,
				553531CE1ED2E25E00A23445 /* LowOfferCell.swift */,
				EDCC4B7B1E8D6FCF00D94FB7 /* VehicleCell.swift */,
				ED7017C91E7D49FF00955C99 /* CrashCell.swift */,
			);
			name = layout;
			path = ..;
			sourceTree = "<group>";
		};
		CA4C66831ED37E50001453EF /* extensions */ = {
			isa = PBXGroup;
			children = (
				CAFA3C551ED4482E0051D0A3 /* UIImage+Gif.swift */,
			);
			name = extensions;
			sourceTree = "<group>";
		};
		ED80EF6B1E7C7DEA0066AD83 /* controllers */ = {
			isa = PBXGroup;
			children = (
				ED80EF6C1E7C8AD10066AD83 /* RegistrationViewController.swift */,
				EDAFF5F31E7B3C630069F42E /* ViewController.swift */,
				ED7017C61E7D368F00955C99 /* ListOfCrashesViewController.swift */,
				EDCC4B771E8D26D900D94FB7 /* ListOfVehiclesViewController.swift */,
				EDAC87B91E9EDC5B001E63E2 /* CrashViewController.swift */,
				ED22BB7A1E9F9FCE0084320F /* ServiceViewController.swift */,
				ED22BB7C1E9FA0560084320F /* ConfirmViewController.swift */,
				5DAB0C4E1EB3304600AC1F77 /* mapView.swift */,
				CA3F19CB1ECCF2DE00E0682C /* VehicleTabBarController.swift */,
				552077751ED0357E005DE7E6 /* ListOfOffersViewController.swift */,
				552077811ED15B3C005DE7E6 /* PersonalDataViewController.swift */,
				55DDAD7A1ED1891200F2F313 /* AddRedactViewController.swift */,
				55DDAD7C1ED1B17800F2F313 /* ChatViewController.swift */,
				553531CA1ED2E07B00A23445 /* ListOfHighOffersViewController.swift */,
				553531D01ED2E29600A23445 /* ListOfLowOffersViewController.swift */,
			);
			name = controllers;
			sourceTree = "<group>";
		};
		ED9732171E8AFB5D00FCED3F /* models */ = {
			isa = PBXGroup;
			children = (
				ED97321C1E8AFCD200FCED3F /* Person.swift */,
				EDB05D2C1E8BC37B00FFE86E /* Vehicle.swift */,
				EDB05D2E1E8BD8CE00FFE86E /* Crash.swift */,
				EDB05D301E8BD8F200FFE86E /* Offer.swift */,
				EDA929DB1E8C7F97000D67BA /* Review.swift */,
				EDA929DD1E8C7FAB000D67BA /* Service.swift */,
				553531C61ED2D87100A23445 /* HighOffer.swift */,
				553531C81ED2D88100A23445 /* LowOffer.swift */,
				CADBBE221ED3762000809F86 /* Channel.swift */,
			);
			name = models;
			sourceTree = "<group>";
		};
		EDAFF5E51E7B3C620069F42E = {
			isa = PBXGroup;
			children = (
				EDAFF5F01E7B3C630069F42E /* RAT */,
				EDAFF5EF1E7B3C630069F42E /* Products */,
				150C0AC8CA06FE5B40374530 /* Frameworks */,
				20BF0F68589561CE43D6690A /* Pods */,
			);
			sourceTree = "<group>";
		};
		EDAFF5EF1E7B3C630069F42E /* Products */ = {
			isa = PBXGroup;
			children = (
				EDAFF5EE1E7B3C630069F42E /* RAT.app */,
			);
			name = Products;
			sourceTree = "<group>";
		};
		EDAFF5F01E7B3C630069F42E /* RAT */ = {
			isa = PBXGroup;
			children = (
				CA4C66831ED37E50001453EF /* extensions */,
				CA4C66811ED37DFC001453EF /* layout */,
				ED9732171E8AFB5D00FCED3F /* models */,
				EDC04B101E7F23650065D62E /* helpers */,
				ED80EF6B1E7C7DEA0066AD83 /* controllers */,
				5D4A18661EBCBA9400678C91 /* Assets.xcassets */,
				EDAFF5F11E7B3C630069F42E /* AppDelegate.swift */,
				EDAFF5FD1E7B3C630069F42E /* Info.plist */,
				CAFA3C591ED448970051D0A3 /* GoogleService-Info.plist */,
			);
			path = RAT;
			sourceTree = "<group>";
		};
		EDC04B101E7F23650065D62E /* helpers */ = {
			isa = PBXGroup;
			children = (
				ED99E5A31E8550260039EBF7 /* ValidatorHelper.swift */,
				EDBAEAC31E91AF73008BC298 /* APIHelper.swift */,
				EDD8A79B1E93DCE800CC57A1 /* DataBaseHelper.swift */,
				EDA390F51E94375C002B0C65 /* NotificationRouter.swift */,
				CAF3811A1EC9270800DC559D /* VKHelper.swift */,
			);
			name = helpers;
			sourceTree = "<group>";
		};
/* End PBXGroup section */

/* Begin PBXNativeTarget section */
		EDAFF5ED1E7B3C620069F42E /* RAT */ = {
			isa = PBXNativeTarget;
			buildConfigurationList = EDAFF6001E7B3C630069F42E /* Build configuration list for PBXNativeTarget "RAT" */;
			buildPhases = (
				43B57366B043005D85E5FC3E /* [CP] Check Pods Manifest.lock */,
				EDAFF5EA1E7B3C620069F42E /* Sources */,
				EDAFF5EB1E7B3C620069F42E /* Frameworks */,
				EDAFF5EC1E7B3C620069F42E /* Resources */,
				C0538CDD645290BEC5DA5DE1 /* [CP] Embed Pods Frameworks */,
				0320061B908B56FB1A2083B1 /* [CP] Copy Pods Resources */,
			);
			buildRules = (
			);
			dependencies = (
			);
			name = RAT;
			productName = RAT;
			productReference = EDAFF5EE1E7B3C630069F42E /* RAT.app */;
			productType = "com.apple.product-type.application";
		};
/* End PBXNativeTarget section */

/* Begin PBXProject section */
		EDAFF5E61E7B3C620069F42E /* Project object */ = {
			isa = PBXProject;
			attributes = {
				LastSwiftUpdateCheck = 0820;
				LastUpgradeCheck = 0820;
				ORGANIZATIONNAME = RAT;
				TargetAttributes = {
					EDAFF5ED1E7B3C620069F42E = {
						CreatedOnToolsVersion = 8.2.1;
						ProvisioningStyle = Automatic;
					};
				};
			};
			buildConfigurationList = EDAFF5E91E7B3C620069F42E /* Build configuration list for PBXProject "RAT" */;
			compatibilityVersion = "Xcode 3.2";
			developmentRegion = English;
			hasScannedForEncodings = 0;
			knownRegions = (
				en,
				Base,
			);
			mainGroup = EDAFF5E51E7B3C620069F42E;
			productRefGroup = EDAFF5EF1E7B3C630069F42E /* Products */;
			projectDirPath = "";
			projectRoot = "";
			targets = (
				EDAFF5ED1E7B3C620069F42E /* RAT */,
			);
		};
/* End PBXProject section */

/* Begin PBXResourcesBuildPhase section */
		EDAFF5EC1E7B3C620069F42E /* Resources */ = {
			isa = PBXResourcesBuildPhase;
			buildActionMask = 2147483647;
			files = (
				5D4A18671EBCBA9400678C91 /* Assets.xcassets in Resources */,
				EDAFF5F71E7B3C630069F42E /* Main.storyboard in Resources */,
				CAFA3C5A1ED448970051D0A3 /* GoogleService-Info.plist in Resources */,
			);
			runOnlyForDeploymentPostprocessing = 0;
		};
/* End PBXResourcesBuildPhase section */

/* Begin PBXShellScriptBuildPhase section */
		0320061B908B56FB1A2083B1 /* [CP] Copy Pods Resources */ = {
			isa = PBXShellScriptBuildPhase;
			buildActionMask = 2147483647;
			files = (
			);
			inputPaths = (
			);
			name = "[CP] Copy Pods Resources";
			outputPaths = (
			);
			runOnlyForDeploymentPostprocessing = 0;
			shellPath = /bin/sh;
			shellScript = "\"${SRCROOT}/Pods/Target Support Files/Pods-RAT/Pods-RAT-resources.sh\"\n";
			showEnvVarsInLog = 0;
		};
		43B57366B043005D85E5FC3E /* [CP] Check Pods Manifest.lock */ = {
			isa = PBXShellScriptBuildPhase;
			buildActionMask = 2147483647;
			files = (
			);
			inputPaths = (
			);
			name = "[CP] Check Pods Manifest.lock";
			outputPaths = (
			);
			runOnlyForDeploymentPostprocessing = 0;
			shellPath = /bin/sh;
			shellScript = "diff \"${PODS_PODFILE_DIR_PATH}/Podfile.lock\" \"${PODS_ROOT}/Manifest.lock\" > /dev/null\nif [ $? != 0 ] ; then\n    # print error to STDERR\n    echo \"error: The sandbox is not in sync with the Podfile.lock. Run 'pod install' or update your CocoaPods installation.\" >&2\n    exit 1\nfi\n";
			showEnvVarsInLog = 0;
		};
		C0538CDD645290BEC5DA5DE1 /* [CP] Embed Pods Frameworks */ = {
			isa = PBXShellScriptBuildPhase;
			buildActionMask = 2147483647;
			files = (
			);
			inputPaths = (
			);
			name = "[CP] Embed Pods Frameworks";
			outputPaths = (
			);
			runOnlyForDeploymentPostprocessing = 0;
			shellPath = /bin/sh;
			shellScript = "\"${SRCROOT}/Pods/Target Support Files/Pods-RAT/Pods-RAT-frameworks.sh\"\n";
			showEnvVarsInLog = 0;
		};
/* End PBXShellScriptBuildPhase section */

/* Begin PBXSourcesBuildPhase section */
		EDAFF5EA1E7B3C620069F42E /* Sources */ = {
			isa = PBXSourcesBuildPhase;
			buildActionMask = 2147483647;
			files = (
				EDA390F61E94375C002B0C65 /* NotificationRouter.swift in Sources */,
				553531D11ED2E29600A23445 /* ListOfLowOffersViewController.swift in Sources */,
				EDCC4B7C1E8D6FCF00D94FB7 /* VehicleCell.swift in Sources */,
				552077761ED0357E005DE7E6 /* ListOfOffersViewController.swift in Sources */,
				CAFA3C561ED4482E0051D0A3 /* UIImage+Gif.swift in Sources */,
				55DDAD7B1ED1891200F2F313 /* AddRedactViewController.swift in Sources */,
				EDB05D2D1E8BC37B00FFE86E /* Vehicle.swift in Sources */,
				EDA929DE1E8C7FAB000D67BA /* Service.swift in Sources */,
				EDBAEAC41E91AF73008BC298 /* APIHelper.swift in Sources */,
				EDD8A79C1E93DCE800CC57A1 /* DataBaseHelper.swift in Sources */,
				553531C71ED2D87100A23445 /* HighOffer.swift in Sources */,
				552077821ED15B3C005DE7E6 /* PersonalDataViewController.swift in Sources */,
				EDA8AE721E9EFA3B005BEC56 /* OfferCell.swift in Sources */,
				553531CF1ED2E25E00A23445 /* LowOfferCell.swift in Sources */,
				EDCC4B781E8D26D900D94FB7 /* ListOfVehiclesViewController.swift in Sources */,
				ED80EF6D1E7C8AD10066AD83 /* RegistrationViewController.swift in Sources */,
				EDAFF5F41E7B3C630069F42E /* ViewController.swift in Sources */,
				EDAFF5F21E7B3C630069F42E /* AppDelegate.swift in Sources */,
				EDAC87BA1E9EDC5B001E63E2 /* CrashViewController.swift in Sources */,
				ED22BB7D1E9FA0560084320F /* ConfirmViewController.swift in Sources */,
				EDA929DC1E8C7F97000D67BA /* Review.swift in Sources */,
				ED7017CA1E7D49FF00955C99 /* CrashCell.swift in Sources */,
				ED7017C71E7D368F00955C99 /* ListOfCrashesViewController.swift in Sources */,
				553531CB1ED2E07B00A23445 /* ListOfHighOffersViewController.swift in Sources */,
				EDB05D311E8BD8F200FFE86E /* Offer.swift in Sources */,
				ED97321D1E8AFCD200FCED3F /* Person.swift in Sources */,
				CADBBE231ED3762100809F86 /* Channel.swift in Sources */,
				CAF3811B1EC9270800DC559D /* VKHelper.swift in Sources */,
				553531C91ED2D88100A23445 /* LowOffer.swift in Sources */,
				553531CD1ED2E0C700A23445 /* HighOfferCell.swift in Sources */,
				ED99E5A41E8550260039EBF7 /* ValidatorHelper.swift in Sources */,
				ED22BB7B1E9F9FCE0084320F /* ServiceViewController.swift in Sources */,
				EDB05D2F1E8BD8CE00FFE86E /* Crash.swift in Sources */,
				CA3F19CC1ECCF2DE00E0682C /* VehicleTabBarController.swift in Sources */,
				5DAB0C4F1EB3304600AC1F77 /* mapView.swift in Sources */,
				55DDAD7D1ED1B17800F2F313 /* ChatViewController.swift in Sources */,
				ED22BB7F1E9FAB950084320F /* ReviewCell.swift in Sources */,
			);
			runOnlyForDeploymentPostprocessing = 0;
		};
/* End PBXSourcesBuildPhase section */

/* Begin PBXVariantGroup section */
		EDAFF5F51E7B3C630069F42E /* Main.storyboard */ = {
			isa = PBXVariantGroup;
			children = (
				EDAFF5F61E7B3C630069F42E /* Base */,
			);
			name = Main.storyboard;
			path = RAT;
			sourceTree = "<group>";
		};
/* End PBXVariantGroup section */

/* Begin XCBuildConfiguration section */
		EDAFF5FE1E7B3C630069F42E /* Debug */ = {
			isa = XCBuildConfiguration;
			buildSettings = {
				ALWAYS_SEARCH_USER_PATHS = NO;
				CLANG_ANALYZER_NONNULL = YES;
				CLANG_CXX_LANGUAGE_STANDARD = "gnu++0x";
				CLANG_CXX_LIBRARY = "libc++";
				CLANG_ENABLE_MODULES = YES;
				CLANG_ENABLE_OBJC_ARC = YES;
				CLANG_WARN_BOOL_CONVERSION = YES;
				CLANG_WARN_CONSTANT_CONVERSION = YES;
				CLANG_WARN_DIRECT_OBJC_ISA_USAGE = YES_ERROR;
				CLANG_WARN_DOCUMENTATION_COMMENTS = YES;
				CLANG_WARN_EMPTY_BODY = YES;
				CLANG_WARN_ENUM_CONVERSION = YES;
				CLANG_WARN_INFINITE_RECURSION = YES;
				CLANG_WARN_INT_CONVERSION = YES;
				CLANG_WARN_OBJC_ROOT_CLASS = YES_ERROR;
				CLANG_WARN_SUSPICIOUS_MOVE = YES;
				CLANG_WARN_UNREACHABLE_CODE = YES;
				CLANG_WARN__DUPLICATE_METHOD_MATCH = YES;
				"CODE_SIGN_IDENTITY[sdk=iphoneos*]" = "iPhone Developer";
				COPY_PHASE_STRIP = NO;
				DEBUG_INFORMATION_FORMAT = dwarf;
				ENABLE_STRICT_OBJC_MSGSEND = YES;
				ENABLE_TESTABILITY = YES;
				GCC_C_LANGUAGE_STANDARD = gnu99;
				GCC_DYNAMIC_NO_PIC = NO;
				GCC_NO_COMMON_BLOCKS = YES;
				GCC_OPTIMIZATION_LEVEL = 0;
				GCC_PREPROCESSOR_DEFINITIONS = (
					"DEBUG=1",
					"$(inherited)",
				);
				GCC_WARN_64_TO_32_BIT_CONVERSION = YES;
				GCC_WARN_ABOUT_RETURN_TYPE = YES_ERROR;
				GCC_WARN_UNDECLARED_SELECTOR = YES;
				GCC_WARN_UNINITIALIZED_AUTOS = YES_AGGRESSIVE;
				GCC_WARN_UNUSED_FUNCTION = YES;
				GCC_WARN_UNUSED_VARIABLE = YES;
				IPHONEOS_DEPLOYMENT_TARGET = 10.2;
				MTL_ENABLE_DEBUG_INFO = YES;
				ONLY_ACTIVE_ARCH = YES;
				SDKROOT = iphoneos;
				SWIFT_ACTIVE_COMPILATION_CONDITIONS = DEBUG;
				SWIFT_OPTIMIZATION_LEVEL = "-Onone";
			};
			name = Debug;
		};
		EDAFF5FF1E7B3C630069F42E /* Release */ = {
			isa = XCBuildConfiguration;
			buildSettings = {
				ALWAYS_SEARCH_USER_PATHS = NO;
				CLANG_ANALYZER_NONNULL = YES;
				CLANG_CXX_LANGUAGE_STANDARD = "gnu++0x";
				CLANG_CXX_LIBRARY = "libc++";
				CLANG_ENABLE_MODULES = YES;
				CLANG_ENABLE_OBJC_ARC = YES;
				CLANG_WARN_BOOL_CONVERSION = YES;
				CLANG_WARN_CONSTANT_CONVERSION = YES;
				CLANG_WARN_DIRECT_OBJC_ISA_USAGE = YES_ERROR;
				CLANG_WARN_DOCUMENTATION_COMMENTS = YES;
				CLANG_WARN_EMPTY_BODY = YES;
				CLANG_WARN_ENUM_CONVERSION = YES;
				CLANG_WARN_INFINITE_RECURSION = YES;
				CLANG_WARN_INT_CONVERSION = YES;
				CLANG_WARN_OBJC_ROOT_CLASS = YES_ERROR;
				CLANG_WARN_SUSPICIOUS_MOVE = YES;
				CLANG_WARN_UNREACHABLE_CODE = YES;
				CLANG_WARN__DUPLICATE_METHOD_MATCH = YES;
				"CODE_SIGN_IDENTITY[sdk=iphoneos*]" = "iPhone Developer";
				COPY_PHASE_STRIP = NO;
				DEBUG_INFORMATION_FORMAT = "dwarf-with-dsym";
				ENABLE_NS_ASSERTIONS = NO;
				ENABLE_STRICT_OBJC_MSGSEND = YES;
				GCC_C_LANGUAGE_STANDARD = gnu99;
				GCC_NO_COMMON_BLOCKS = YES;
				GCC_WARN_64_TO_32_BIT_CONVERSION = YES;
				GCC_WARN_ABOUT_RETURN_TYPE = YES_ERROR;
				GCC_WARN_UNDECLARED_SELECTOR = YES;
				GCC_WARN_UNINITIALIZED_AUTOS = YES_AGGRESSIVE;
				GCC_WARN_UNUSED_FUNCTION = YES;
				GCC_WARN_UNUSED_VARIABLE = YES;
				IPHONEOS_DEPLOYMENT_TARGET = 10.2;
				MTL_ENABLE_DEBUG_INFO = NO;
				SDKROOT = iphoneos;
				SWIFT_OPTIMIZATION_LEVEL = "-Owholemodule";
				VALIDATE_PRODUCT = YES;
			};
			name = Release;
		};
		EDAFF6011E7B3C630069F42E /* Debug */ = {
			isa = XCBuildConfiguration;
			baseConfigurationReference = 5CA389BAE570D8D13A9E1ECB /* Pods-RAT.debug.xcconfig */;
			buildSettings = {
				ASSETCATALOG_COMPILER_APPICON_NAME = AppIcon;
				"CODE_SIGN_IDENTITY[sdk=iphoneos*]" = "iPhone Developer";
				DEVELOPMENT_TEAM = "";
				INFOPLIST_FILE = RAT/Info.plist;
				IPHONEOS_DEPLOYMENT_TARGET = 10.3;
				LD_RUNPATH_SEARCH_PATHS = "$(inherited) @executable_path/Frameworks";
				PRODUCT_BUNDLE_IDENTIFIER = bmstu.RAT;
				PRODUCT_NAME = "$(TARGET_NAME)";
				PROVISIONING_PROFILE_SPECIFIER = "";
				SWIFT_VERSION = 3.0;
			};
			name = Debug;
		};
		EDAFF6021E7B3C630069F42E /* Release */ = {
			isa = XCBuildConfiguration;
			baseConfigurationReference = B5F7872392D345EFD764BB23 /* Pods-RAT.release.xcconfig */;
			buildSettings = {
				ASSETCATALOG_COMPILER_APPICON_NAME = AppIcon;
				"CODE_SIGN_IDENTITY[sdk=iphoneos*]" = "iPhone Developer";
				DEVELOPMENT_TEAM = "";
				INFOPLIST_FILE = RAT/Info.plist;
				IPHONEOS_DEPLOYMENT_TARGET = 10.3;
				LD_RUNPATH_SEARCH_PATHS = "$(inherited) @executable_path/Frameworks";
				PRODUCT_BUNDLE_IDENTIFIER = bmstu.RAT;
				PRODUCT_NAME = "$(TARGET_NAME)";
				PROVISIONING_PROFILE_SPECIFIER = "";
				SWIFT_VERSION = 3.0;
			};
			name = Release;
		};
/* End XCBuildConfiguration section */

/* Begin XCConfigurationList section */
		EDAFF5E91E7B3C620069F42E /* Build configuration list for PBXProject "RAT" */ = {
			isa = XCConfigurationList;
			buildConfigurations = (
				EDAFF5FE1E7B3C630069F42E /* Debug */,
				EDAFF5FF1E7B3C630069F42E /* Release */,
			);
			defaultConfigurationIsVisible = 0;
			defaultConfigurationName = Release;
		};
		EDAFF6001E7B3C630069F42E /* Build configuration list for PBXNativeTarget "RAT" */ = {
			isa = XCConfigurationList;
			buildConfigurations = (
				EDAFF6011E7B3C630069F42E /* Debug */,
				EDAFF6021E7B3C630069F42E /* Release */,
			);
			defaultConfigurationIsVisible = 0;
			defaultConfigurationName = Release;
		};
/* End XCConfigurationList section */
	};
	rootObject = EDAFF5E61E7B3C620069F42E /* Project object */;
}
